Microsoft Visual Studio Solution File, Format Version 12.00
# Visual Studio Version 17
VisualStudioVersion = 17.5.2.0
MinimumVisualStudioVersion = 10.0.40219.1
Project("{FAE04EC0-301F-11D3-BF4B-00C04F79EFBC}") = "CreationalPatterns", "CreationalPatterns.csproj", "{50E8294D-688B-5442-D23F-BC92AA538615}"
EndProject
Global
	GlobalSection(SolutionConfigurationPlatforms) = preSolution
		Debug|Any CPU = Debug|Any CPU
		Release|Any CPU = Release|Any CPU
	EndGlobalSection
	GlobalSection(ProjectConfigurationPlatforms) = postSolution
		{50E8294D-688B-5442-D23F-BC92AA538615}.Debug|Any CPU.ActiveCfg = Debug|Any CPU
		{50E8294D-688B-5442-D23F-BC92AA538615}.Debug|Any CPU.Build.0 = Debug|Any CPU
		{50E8294D-688B-5442-D23F-BC92AA538615}.Release|Any CPU.ActiveCfg = Release|Any CPU
		{50E8294D-688B-5442-D23F-BC92AA538615}.Release|Any CPU.Build.0 = Release|Any CPU
	EndGlobalSection
	GlobalSection(SolutionProperties) = preSolution
		HideSolutionNode = FALSE
	EndGlobalSection
	GlobalSection(ExtensibilityGlobals) = postSolution
		SolutionGuid = {C13C4FE7-D001-4208-B396-FF77934E3521}
	EndGlobalSection
EndGlobal
